{
  "pins" : [
    {
      "identity" : "cdk-swift",
      "kind" : "remoteSourceControl",
      "location" : "https://github.com/cashubtc/cdk-swift",
      "state" : {
        "branch" : "v0.17.0-nightly.20260802.g795aec2",
        "revision" : "389e0d15d5b8c0b18c40361a8c633816617ad01e"
      }
    }
  ],
  "version" : 2
}
