{
  "originHash" : "6f83f5a80ffac89733ca368610bd86ed97ff6cd1af0b14214aae05bbabdb2e98",
  "pins" : [
    {
      "identity" : "cdk-swift",
      "kind" : "remoteSourceControl",
      "location" : "https://github.com/cashubtc/cdk-swift",
      "state" : {
        "revision" : "d6d90810f3436315c796122fda77dfc1fc83ced3",
        "version" : "0.18.0-rc.3"
      }
    },
    {
      "identity" : "sentry-cocoa",
      "kind" : "remoteSourceControl",
      "location" : "https://github.com/getsentry/sentry-cocoa",
      "state" : {
        "revision" : "dad229c665bfd043c5d80ac7aa77717cbd19a1c3",
        "version" : "8.58.3"
      }
    },
    {
      "identity" : "swift-secp256k1",
      "kind" : "remoteSourceControl",
      "location" : "https://github.com/21-DOT-DEV/swift-secp256k1.git",
      "state" : {
        "revision" : "e70a10e036a55fffea31568f0af92d69b6d449cd",
        "version" : "0.23.2"
      }
    }
  ],
  "version" : 3
}
